
Microsoft Visual Studio Solution File, Format Version 12.00
# Visual Studio Version 16
VisualStudioVersion = 16.0.30114.105
MinimumVisualStudioVersion = 10.0.40219.1
Project("{2150E333-8FDC-42A3-9474-1A3956D46DE8}") = "Api", "Api", "{100A7838-9BD7-466F-BC57-033B7F243817}"
EndProject
Project("{2150E333-8FDC-42A3-9474-1A3956D46DE8}") = "Tests", "Tests", "{BD0ECE44-2766-4A92-9CE9-57BAFBB529EC}"
EndProject
Project("{2150E333-8FDC-42A3-9474-1A3956D46DE8}") = "Doc", "Doc", "{B3D24BCD-C8E3-449F-91F0-EB151879B1D1}"
EndProject
Project("{FAE04EC0-301F-11D3-BF4B-00C04F79EFBC}") = "OrderApi", "OrderApi\OrderApi.csproj", "{D413B143-6EDF-4C61-A353-E136657D5C0D}"
EndProject
Project("{FAE04EC0-301F-11D3-BF4B-00C04F79EFBC}") = "OrderApi.Data", "OrderApi.Data\OrderApi.Data.csproj", "{9AE9D497-7316-44F0-BCA0-B89430099680}"
EndProject
Project("{FAE04EC0-301F-11D3-BF4B-00C04F79EFBC}") = "OrderApi.Domain", "OrderApi.Domain\OrderApi.Domain.csproj", "{71C10C54-F84F-43D9-81E2-EA9B01139D23}"
EndProject
Project("{FAE04EC0-301F-11D3-BF4B-00C04F79EFBC}") = "OrderApi.Messaging.Receive", "OrderApi.Messaging.Send\OrderApi.Messaging.Receive.csproj", "{52198B68-5E67-4ABA-A482-C750732C99D0}"
EndProject
Project("{FAE04EC0-301F-11D3-BF4B-00C04F79EFBC}") = "OrderApi.Service", "OrderApi.Service\OrderApi.Service.csproj", "{A71F7010-E79C-4744-BEEA-081834A01B8B}"
EndProject
Global
	GlobalSection(SolutionConfigurationPlatforms) = preSolution
		Debug|Any CPU = Debug|Any CPU
		Debug|x64 = Debug|x64
		Debug|x86 = Debug|x86
		Release|Any CPU = Release|Any CPU
		Release|x64 = Release|x64
		Release|x86 = Release|x86
	EndGlobalSection
	GlobalSection(ProjectConfigurationPlatforms) = postSolution
		{D413B143-6EDF-4C61-A353-E136657D5C0D}.Debug|Any CPU.ActiveCfg = Debug|Any CPU
		{D413B143-6EDF-4C61-A353-E136657D5C0D}.Debug|Any CPU.Build.0 = Debug|Any CPU
		{D413B143-6EDF-4C61-A353-E136657D5C0D}.Debug|x64.ActiveCfg = Debug|Any CPU
		{D413B143-6EDF-4C61-A353-E136657D5C0D}.Debug|x64.Build.0 = Debug|Any CPU
		{D413B143-6EDF-4C61-A353-E136657D5C0D}.Debug|x86.ActiveCfg = Debug|Any CPU
		{D413B143-6EDF-4C61-A353-E136657D5C0D}.Debug|x86.Build.0 = Debug|Any CPU
		{D413B143-6EDF-4C61-A353-E136657D5C0D}.Release|Any CPU.ActiveCfg = Release|Any CPU
		{D413B143-6EDF-4C61-A353-E136657D5C0D}.Release|Any CPU.Build.0 = Release|Any CPU
		{D413B143-6EDF-4C61-A353-E136657D5C0D}.Release|x64.ActiveCfg = Release|Any CPU
		{D413B143-6EDF-4C61-A353-E136657D5C0D}.Release|x64.Build.0 = Release|Any CPU
		{D413B143-6EDF-4C61-A353-E136657D5C0D}.Release|x86.ActiveCfg = Release|Any CPU
		{D413B143-6EDF-4C61-A353-E136657D5C0D}.Release|x86.Build.0 = Release|Any CPU
		{9AE9D497-7316-44F0-BCA0-B89430099680}.Debug|Any CPU.ActiveCfg = Debug|Any CPU
		{9AE9D497-7316-44F0-BCA0-B89430099680}.Debug|Any CPU.Build.0 = Debug|Any CPU
		{9AE9D497-7316-44F0-BCA0-B89430099680}.Debug|x64.ActiveCfg = Debug|Any CPU
		{9AE9D497-7316-44F0-BCA0-B89430099680}.Debug|x64.Build.0 = Debug|Any CPU
		{9AE9D497-7316-44F0-BCA0-B89430099680}.Debug|x86.ActiveCfg = Debug|Any CPU
		{9AE9D497-7316-44F0-BCA0-B89430099680}.Debug|x86.Build.0 = Debug|Any CPU
		{9AE9D497-7316-44F0-BCA0-B89430099680}.Release|Any CPU.ActiveCfg = Release|Any CPU
		{9AE9D497-7316-44F0-BCA0-B89430099680}.Release|Any CPU.Build.0 = Release|Any CPU
		{9AE9D497-7316-44F0-BCA0-B89430099680}.Release|x64.ActiveCfg = Release|Any CPU
		{9AE9D497-7316-44F0-BCA0-B89430099680}.Release|x64.Build.0 = Release|Any CPU
		{9AE9D497-7316-44F0-BCA0-B89430099680}.Release|x86.ActiveCfg = Release|Any CPU
		{9AE9D497-7316-44F0-BCA0-B89430099680}.Release|x86.Build.0 = Release|Any CPU
		{71C10C54-F84F-43D9-81E2-EA9B01139D23}.Debug|Any CPU.ActiveCfg = Debug|Any CPU
		{71C10C54-F84F-43D9-81E2-EA9B01139D23}.Debug|Any CPU.Build.0 = Debug|Any CPU
		{71C10C54-F84F-43D9-81E2-EA9B01139D23}.Debug|x64.ActiveCfg = Debug|Any CPU
		{71C10C54-F84F-43D9-81E2-EA9B01139D23}.Debug|x64.Build.0 = Debug|Any CPU
		{71C10C54-F84F-43D9-81E2-EA9B01139D23}.Debug|x86.ActiveCfg = Debug|Any CPU
		{71C10C54-F84F-43D9-81E2-EA9B01139D23}.Debug|x86.Build.0 = Debug|Any CPU
		{71C10C54-F84F-43D9-81E2-EA9B01139D23}.Release|Any CPU.ActiveCfg = Release|Any CPU
		{71C10C54-F84F-43D9-81E2-EA9B01139D23}.Release|Any CPU.Build.0 = Release|Any CPU
		{71C10C54-F84F-43D9-81E2-EA9B01139D23}.Release|x64.ActiveCfg = Release|Any CPU
		{71C10C54-F84F-43D9-81E2-EA9B01139D23}.Release|x64.Build.0 = Release|Any CPU
		{71C10C54-F84F-43D9-81E2-EA9B01139D23}.Release|x86.ActiveCfg = Release|Any CPU
		{71C10C54-F84F-43D9-81E2-EA9B01139D23}.Release|x86.Build.0 = Release|Any CPU
		{52198B68-5E67-4ABA-A482-C750732C99D0}.Debug|Any CPU.ActiveCfg = Debug|Any CPU
		{52198B68-5E67-4ABA-A482-C750732C99D0}.Debug|Any CPU.Build.0 = Debug|Any CPU
		{52198B68-5E67-4ABA-A482-C750732C99D0}.Debug|x64.ActiveCfg = Debug|Any CPU
		{52198B68-5E67-4ABA-A482-C750732C99D0}.Debug|x64.Build.0 = Debug|Any CPU
		{52198B68-5E67-4ABA-A482-C750732C99D0}.Debug|x86.ActiveCfg = Debug|Any CPU
		{52198B68-5E67-4ABA-A482-C750732C99D0}.Debug|x86.Build.0 = Debug|Any CPU
		{52198B68-5E67-4ABA-A482-C750732C99D0}.Release|Any CPU.ActiveCfg = Release|Any CPU
		{52198B68-5E67-4ABA-A482-C750732C99D0}.Release|Any CPU.Build.0 = Release|Any CPU
		{52198B68-5E67-4ABA-A482-C750732C99D0}.Release|x64.ActiveCfg = Release|Any CPU
		{52198B68-5E67-4ABA-A482-C750732C99D0}.Release|x64.Build.0 = Release|Any CPU
		{52198B68-5E67-4ABA-A482-C750732C99D0}.Release|x86.ActiveCfg = Release|Any CPU
		{52198B68-5E67-4ABA-A482-C750732C99D0}.Release|x86.Build.0 = Release|Any CPU
		{A71F7010-E79C-4744-BEEA-081834A01B8B}.Debug|Any CPU.ActiveCfg = Debug|Any CPU
		{A71F7010-E79C-4744-BEEA-081834A01B8B}.Debug|Any CPU.Build.0 = Debug|Any CPU
		{A71F7010-E79C-4744-BEEA-081834A01B8B}.Debug|x64.ActiveCfg = Debug|Any CPU
		{A71F7010-E79C-4744-BEEA-081834A01B8B}.Debug|x64.Build.0 = Debug|Any CPU
		{A71F7010-E79C-4744-BEEA-081834A01B8B}.Debug|x86.ActiveCfg = Debug|Any CPU
		{A71F7010-E79C-4744-BEEA-081834A01B8B}.Debug|x86.Build.0 = Debug|Any CPU
		{A71F7010-E79C-4744-BEEA-081834A01B8B}.Release|Any CPU.ActiveCfg = Release|Any CPU
		{A71F7010-E79C-4744-BEEA-081834A01B8B}.Release|Any CPU.Build.0 = Release|Any CPU
		{A71F7010-E79C-4744-BEEA-081834A01B8B}.Release|x64.ActiveCfg = Release|Any CPU
		{A71F7010-E79C-4744-BEEA-081834A01B8B}.Release|x64.Build.0 = Release|Any CPU
		{A71F7010-E79C-4744-BEEA-081834A01B8B}.Release|x86.ActiveCfg = Release|Any CPU
		{A71F7010-E79C-4744-BEEA-081834A01B8B}.Release|x86.Build.0 = Release|Any CPU
	EndGlobalSection
	GlobalSection(SolutionProperties) = preSolution
		HideSolutionNode = FALSE
	EndGlobalSection
	GlobalSection(NestedProjects) = preSolution
		{D413B143-6EDF-4C61-A353-E136657D5C0D} = {100A7838-9BD7-466F-BC57-033B7F243817}
		{9AE9D497-7316-44F0-BCA0-B89430099680} = {100A7838-9BD7-466F-BC57-033B7F243817}
		{71C10C54-F84F-43D9-81E2-EA9B01139D23} = {100A7838-9BD7-466F-BC57-033B7F243817}
		{52198B68-5E67-4ABA-A482-C750732C99D0} = {100A7838-9BD7-466F-BC57-033B7F243817}
		{A71F7010-E79C-4744-BEEA-081834A01B8B} = {100A7838-9BD7-466F-BC57-033B7F243817}
	EndGlobalSection
	GlobalSection(ExtensibilityGlobals) = postSolution
		SolutionGuid = {73E8F78B-2A1E-4E17-AA34-689CAD6E8847}
	EndGlobalSection
EndGlobal
